
Microsoft Visual Studio Solution File, Format Version 12.00
# Visual Studio Version 17
VisualStudioVersion = 17.9.34622.214
MinimumVisualStudioVersion = 10.0.40219.1
Project("{FAE04EC0-301F-11D3-BF4B-00C04F79EFBC}") = "Proyecto Grafos", "Proyecto Grafos\Proyecto Grafos.csproj", "{0A5DECFF-14D5-4DED-BB1A-EEC58BE8762B}"
EndProject
Project("{2150E333-8FDC-42A3-9474-1A3956D46DE8}") = "Solution Items", "Solution Items", "{8EC462FD-D22E-90A8-E5CE-7E832BA40C5D}"
EndProject
Project("{FAE04EC0-301F-11D3-BF4B-00C04F79EFBC}") = "Proyect_Tests", "Proyect_Tests\Proyect_Tests.csproj", "{2B659B91-59EB-4B4F-8D93-21CE554850B7}"
EndProject
Global
	GlobalSection(SolutionConfigurationPlatforms) = preSolution
		Debug|Any CPU = Debug|Any CPU
		Debug|x64 = Debug|x64
		Release|Any CPU = Release|Any CPU
		Release|x64 = Release|x64
	EndGlobalSection
	GlobalSection(ProjectConfigurationPlatforms) = postSolution
		{0A5DECFF-14D5-4DED-BB1A-EEC58BE8762B}.Debug|Any CPU.ActiveCfg = Debug|Any CPU
		{0A5DECFF-14D5-4DED-BB1A-EEC58BE8762B}.Debug|Any CPU.Build.0 = Debug|Any CPU
		{0A5DECFF-14D5-4DED-BB1A-EEC58BE8762B}.Debug|x64.ActiveCfg = Debug|x64
		{0A5DECFF-14D5-4DED-BB1A-EEC58BE8762B}.Debug|x64.Build.0 = Debug|x64
		{0A5DECFF-14D5-4DED-BB1A-EEC58BE8762B}.Release|Any CPU.ActiveCfg = Release|Any CPU
		{0A5DECFF-14D5-4DED-BB1A-EEC58BE8762B}.Release|Any CPU.Build.0 = Release|Any CPU
		{0A5DECFF-14D5-4DED-BB1A-EEC58BE8762B}.Release|x64.ActiveCfg = Release|x64
		{0A5DECFF-14D5-4DED-BB1A-EEC58BE8762B}.Release|x64.Build.0 = Release|x64
		{2B659B91-59EB-4B4F-8D93-21CE554850B7}.Debug|Any CPU.ActiveCfg = Debug|Any CPU
		{2B659B91-59EB-4B4F-8D93-21CE554850B7}.Debug|Any CPU.Build.0 = Debug|Any CPU
		{2B659B91-59EB-4B4F-8D93-21CE554850B7}.Debug|x64.ActiveCfg = Debug|Any CPU
		{2B659B91-59EB-4B4F-8D93-21CE554850B7}.Debug|x64.Build.0 = Debug|Any CPU
		{2B659B91-59EB-4B4F-8D93-21CE554850B7}.Release|Any CPU.ActiveCfg = Release|Any CPU
		{2B659B91-59EB-4B4F-8D93-21CE554850B7}.Release|Any CPU.Build.0 = Release|Any CPU
		{2B659B91-59EB-4B4F-8D93-21CE554850B7}.Release|x64.ActiveCfg = Release|Any CPU
		{2B659B91-59EB-4B4F-8D93-21CE554850B7}.Release|x64.Build.0 = Release|Any CPU
	EndGlobalSection
	GlobalSection(SolutionProperties) = preSolution
		HideSolutionNode = FALSE
	EndGlobalSection
	GlobalSection(ExtensibilityGlobals) = postSolution
		SolutionGuid = {2D2C8DAD-035C-476F-B158-49E71C1E77A7}
	EndGlobalSection
EndGlobal
